{
  "name": "RetroGame",
  "lockfileVersion": 3,
  "requires": true,
  "packages": {
    "": {
      "dependencies": {
        "babylonjs": "^9.10.1",
        "babylonjs-gui": "^9.10.1",
        "babylonjs-loaders": "^9.10.1",
        "pepjs": "^0.5.3"
      }
    },
    "node_modules/babylonjs": {
      "version": "9.10.1",
      "resolved": "https://registry.npmjs.org/babylonjs/-/babylonjs-9.10.1.tgz",
      "integrity": "sha512-m7x36/Nq+4pM2490ahNa3KqmDlyFAI+zhiYYD5saN/L/XdBWSIvrqnBXtH9itbmYDJ7B8/6HsXXzKpVALiI5cA==",
      "hasInstallScript": true,
      "license": "Apache-2.0"
    },
    "node_modules/babylonjs-gltf2interface": {
      "version": "9.10.1",
      "resolved": "https://registry.npmjs.org/babylonjs-gltf2interface/-/babylonjs-gltf2interface-9.10.1.tgz",
      "integrity": "sha512-EsqvRsqTXS1kHQtQkVuXU/l2wufBeGSpL4Zo6KKg6JbkDQ7jvTU27ICr9SoyunTQhkF5V/NG68zAFLCLeELyNw==",
      "license": "Apache-2.0"
    },
    "node_modules/babylonjs-gui": {
      "version": "9.10.1",
      "resolved": "https://registry.npmjs.org/babylonjs-gui/-/babylonjs-gui-9.10.1.tgz",
      "integrity": "sha512-KrY03lCe4yn67ngy0IAuD7zvxRRlRyV3LjU1A8cNUFDILqrkAnH5Nm60T2YJTILrkFJr8Vcb46btXBkU2Dh9tA==",
      "license": "Apache-2.0",
      "dependencies": {
        "babylonjs": "9.10.1"
      }
    },
    "node_modules/babylonjs-loaders": {
      "version": "9.10.1",
      "resolved": "https://registry.npmjs.org/babylonjs-loaders/-/babylonjs-loaders-9.10.1.tgz",
      "integrity": "sha512-ZSwESmH0ZWC8bzZDDfIOrUmgWXc4lFc9rYsttCd6aNIl3BrK7y8w7CBeWwRwJPwZ43dwUmxBgK0jgksibXGDdw==",
      "license": "Apache-2.0",
      "dependencies": {
        "babylonjs": "9.10.1",
        "babylonjs-gltf2interface": "9.10.1"
      }
    },
    "node_modules/pepjs": {
      "version": "0.5.3",
      "resolved": "https://registry.npmjs.org/pepjs/-/pepjs-0.5.3.tgz",
      "integrity": "sha512-5yHVB9OHqKd9fr/OIsn8ss0NgThQ9buaqrEuwr9Or5YjPp6h+WTDKWZI+xZLaBGZCtODTnFtlSHNmhFsq67THg=="
    }
  }
}
